
Microsoft Visual Studio Solution File, Format Version 12.00
# Visual Studio 15
VisualStudioVersion = 15.0.28307.102
MinimumVisualStudioVersion = 10.0.40219.1
Project("{9A19103F-16F7-4668-BE54-9A1E7A4F7556}") = "RoadStatus", "RoadStatus\RoadStatus.csproj", "{1749B78B-5E96-4AE4-942D-1E4C1E8E2D0C}"
EndProject
Project("{9A19103F-16F7-4668-BE54-9A1E7A4F7556}") = "TfL.TransportAPI.Client", "TfL.TransportAPI.Client\TfL.TransportAPI.Client.csproj", "{D2BDB0EC-4963-4256-A28E-10B96C86066D}"
EndProject
Project("{9A19103F-16F7-4668-BE54-9A1E7A4F7556}") = "TfL.TransportAPI.Client.Model", "TfL.TransportAPI.Client.Model\TfL.TransportAPI.Client.Model.csproj", "{5896C006-CD2E-4FB9-B956-A3A2C70B7B70}"
EndProject
Project("{9A19103F-16F7-4668-BE54-9A1E7A4F7556}") = "TfL.TransportAPI.Client.Configuration", "TfL.TransportAPI.Client.Configuration\TfL.TransportAPI.Client.Configuration.csproj", "{9C47108C-3041-4877-BB7D-B730A5CAB012}"
EndProject
Project("{FAE04EC0-301F-11D3-BF4B-00C04F79EFBC}") = "RoadStatus.Test", "RoadStatus.Test\RoadStatus.Test.csproj", "{DFF93B8F-904D-4057-863D-D7CC231FCA09}"
EndProject
Global
	GlobalSection(SolutionConfigurationPlatforms) = preSolution
		Debug|Any CPU = Debug|Any CPU
		Release|Any CPU = Release|Any CPU
	EndGlobalSection
	GlobalSection(ProjectConfigurationPlatforms) = postSolution
		{1749B78B-5E96-4AE4-942D-1E4C1E8E2D0C}.Debug|Any CPU.ActiveCfg = Debug|Any CPU
		{1749B78B-5E96-4AE4-942D-1E4C1E8E2D0C}.Debug|Any CPU.Build.0 = Debug|Any CPU
		{1749B78B-5E96-4AE4-942D-1E4C1E8E2D0C}.Release|Any CPU.ActiveCfg = Release|Any CPU
		{1749B78B-5E96-4AE4-942D-1E4C1E8E2D0C}.Release|Any CPU.Build.0 = Release|Any CPU
		{D2BDB0EC-4963-4256-A28E-10B96C86066D}.Debug|Any CPU.ActiveCfg = Debug|Any CPU
		{D2BDB0EC-4963-4256-A28E-10B96C86066D}.Debug|Any CPU.Build.0 = Debug|Any CPU
		{D2BDB0EC-4963-4256-A28E-10B96C86066D}.Release|Any CPU.ActiveCfg = Release|Any CPU
		{D2BDB0EC-4963-4256-A28E-10B96C86066D}.Release|Any CPU.Build.0 = Release|Any CPU
		{5896C006-CD2E-4FB9-B956-A3A2C70B7B70}.Debug|Any CPU.ActiveCfg = Debug|Any CPU
		{5896C006-CD2E-4FB9-B956-A3A2C70B7B70}.Debug|Any CPU.Build.0 = Debug|Any CPU
		{5896C006-CD2E-4FB9-B956-A3A2C70B7B70}.Release|Any CPU.ActiveCfg = Release|Any CPU
		{5896C006-CD2E-4FB9-B956-A3A2C70B7B70}.Release|Any CPU.Build.0 = Release|Any CPU
		{9C47108C-3041-4877-BB7D-B730A5CAB012}.Debug|Any CPU.ActiveCfg = Debug|Any CPU
		{9C47108C-3041-4877-BB7D-B730A5CAB012}.Debug|Any CPU.Build.0 = Debug|Any CPU
		{9C47108C-3041-4877-BB7D-B730A5CAB012}.Release|Any CPU.ActiveCfg = Release|Any CPU
		{9C47108C-3041-4877-BB7D-B730A5CAB012}.Release|Any CPU.Build.0 = Release|Any CPU
		{DFF93B8F-904D-4057-863D-D7CC231FCA09}.Debug|Any CPU.ActiveCfg = Debug|Any CPU
		{DFF93B8F-904D-4057-863D-D7CC231FCA09}.Debug|Any CPU.Build.0 = Debug|Any CPU
		{DFF93B8F-904D-4057-863D-D7CC231FCA09}.Release|Any CPU.ActiveCfg = Release|Any CPU
		{DFF93B8F-904D-4057-863D-D7CC231FCA09}.Release|Any CPU.Build.0 = Release|Any CPU
	EndGlobalSection
	GlobalSection(SolutionProperties) = preSolution
		HideSolutionNode = FALSE
	EndGlobalSection
	GlobalSection(ExtensibilityGlobals) = postSolution
		SolutionGuid = {FAF59D00-BDAE-45B6-985E-E595158BC0CC}
	EndGlobalSection
EndGlobal
